{
  "name": "gemini_files_api",
  "version": "1.0.0",
  "lockfileVersion": 3,
  "requires": true,
  "packages": {
    "": {
      "name": "gemini_files_api",
      "version": "1.0.0",
      "license": "ISC",
      "dependencies": {
        "@google/generative-ai": "^0.11.3",
        "csv-parse": "^5.5.6"
      }
    },
    "node_modules/@google/generative-ai": {
      "version": "0.11.3",
      "resolved": "https://registry.npmjs.org/@google/generative-ai/-/generative-ai-0.11.3.tgz",
      "integrity": "sha512-QtQ1hz6rcybbw35uxXlFF26KNnaTVr2oWwnmDkC1M35KdzN4tVc4wakgJp8uXbY9KDCNHksyp11DbFg0HPckZQ==",
      "engines": {
        "node": ">=18.0.0"
      }
    }
  }
}
