{
  "name": "gemini_misc",
  "version": "1.0.0",
  "lockfileVersion": 3,
  "requires": true,
  "packages": {
    "": {
      "name": "gemini_misc",
      "version": "1.0.0",
      "license": "ISC",
      "dependencies": {
        "@google/generative-ai": "^0.8.0"
      }
    },
    "node_modules/@google/generative-ai": {
      "version": "0.8.0",
      "resolved": "https://registry.npmjs.org/@google/generative-ai/-/generative-ai-0.8.0.tgz",
      "integrity": "sha512-O55FgK1Jvl2JuJP1cnRHEAM8A4Lr3yKtjQrCn2QXOXVT+L5+o/nFQcx0/oIo3oq1Kq9TjjgewXyb9BBrK+Wd0A==",
      "engines": {
        "node": ">=18.0.0"
      }
    }
  }
}
